// !$*UTF8*$!
{
	archiveVersion = 1;
	classes = {
	};
	objectVersion = 56;
	objects = {

/* Begin PBXFileReference section */
		A1B2C3D40000000100000001 /* VeliOS.app */ = {isa = PBXFileReference; explicitFileType = wrapper.application; includeInIndex = 0; path = VeliOS.app; sourceTree = BUILT_PRODUCTS_DIR; };
		A1B2C3D40000000100000002 /* VelWatch.app */ = {isa = PBXFileReference; explicitFileType = wrapper.application; includeInIndex = 0; path = VelWatch.app; sourceTree = BUILT_PRODUCTS_DIR; };
		A1B2C3D40000000200000001 /* VelApp.swift */ = {isa = PBXFileReference; lastKnownFileType = sourcecode.swift; path = VelApp.swift; sourceTree = "<group>"; };
		A1B2C3D40000000200000002 /* ContentView.swift */ = {isa = PBXFileReference; lastKnownFileType = sourcecode.swift; path = ContentView.swift; sourceTree = "<group>"; };
		A1B2C3D40000000200000003 /* VelWatchApp.swift */ = {isa = PBXFileReference; lastKnownFileType = sourcecode.swift; path = VelWatchApp.swift; sourceTree = "<group>"; };
		A1B2C3D40000000200000004 /* ContentView.swift */ = {isa = PBXFileReference; lastKnownFileType = sourcecode.swift; path = ContentView.swift; sourceTree = "<group>"; };
/* End PBXFileReference section */

/* Begin PBXFrameworksBuildPhase section */
		A1B2C3D40000000300000001 /* Frameworks */ = {
			isa = PBXFrameworksBuildPhase;
			buildActionMask = 2147483647;
			files = (
				A1B2C3D40000000400000001 /* VelAPI in Frameworks */,
			);
			runOnlyForDeploymentPostprocessing = 0;
		};
		A1B2C3D40000000300000002 /* Frameworks */ = {
			isa = PBXFrameworksBuildPhase;
			buildActionMask = 2147483647;
			files = (
				A1B2C3D40000000400000002 /* VelAPI in Frameworks */,
			);
			runOnlyForDeploymentPostprocessing = 0;
		};
/* End PBXFrameworksBuildPhase section */

/* Begin PBXGroup section */
		A1B2C3D40000000500000001 = {
			isa = PBXGroup;
			children = (
				A1B2C3D40000000500000002 /* Apps */,
				A1B2C3D40000000500000003 /* Products */,
			);
			sourceTree = "<group>";
		};
		A1B2C3D40000000500000002 /* Apps */ = {
			isa = PBXGroup;
			children = (
				A1B2C3D40000000500000004 /* VeliOS */,
				A1B2C3D40000000500000005 /* VelWatch */,
			);
			path = Apps;
			sourceTree = "<group>";
		};
		A1B2C3D40000000500000003 /* Products */ = {
			isa = PBXGroup;
			children = (
				A1B2C3D40000000100000001 /* VeliOS.app */,
				A1B2C3D40000000100000002 /* VelWatch.app */,
			);
			name = Products;
			sourceTree = "<group>";
		};
		A1B2C3D40000000500000004 /* VeliOS */ = {
			isa = PBXGroup;
			children = (
				A1B2C3D40000000200000001 /* VelApp.swift */,
				A1B2C3D40000000200000002 /* ContentView.swift */,
			);
			path = VeliOS;
			sourceTree = "<group>";
		};
		A1B2C3D40000000500000005 /* VelWatch */ = {
			isa = PBXGroup;
			children = (
				A1B2C3D40000000200000003 /* VelWatchApp.swift */,
				A1B2C3D40000000200000004 /* ContentView.swift */,
			);
			path = VelWatch;
			sourceTree = "<group>";
		};
/* End PBXGroup section */

/* Begin PBXNativeTarget section */
		A1B2C3D40000000600000001 /* VeliOS */ = {
			isa = PBXNativeTarget;
			buildConfigurationList = A1B2C3D40000000700000001 /* Build configuration list for PBXNativeTarget "VeliOS" */;
			buildPhases = (
				A1B2C3D40000000800000001 /* Sources */,
				A1B2C3D40000000300000001 /* Frameworks */,
				A1B2C3D40000000900000001 /* Resources */,
			);
			buildRules = (
			);
			dependencies = (
			);
			name = VeliOS;
			packageProductDependencies = (
				A1B2C3D40000000A00000001 /* VelAPI */,
			);
			productName = VeliOS;
			productReference = A1B2C3D40000000100000001 /* VeliOS.app */;
			productType = "com.apple.product-type.application";
		};
		A1B2C3D40000000600000002 /* VelWatch */ = {
			isa = PBXNativeTarget;
			buildConfigurationList = A1B2C3D40000000700000002 /* Build configuration list for PBXNativeTarget "VelWatch" */;
			buildPhases = (
				A1B2C3D40000000800000002 /* Sources */,
				A1B2C3D40000000300000002 /* Frameworks */,
				A1B2C3D40000000900000002 /* Resources */,
			);
			buildRules = (
			);
			dependencies = (
			);
			name = VelWatch;
			packageProductDependencies = (
				A1B2C3D40000000A00000002 /* VelAPI */,
			);
			productName = VelWatch;
			productReference = A1B2C3D40000000100000002 /* VelWatch.app */;
			productType = "com.apple.product-type.application.watchapp2";
		};
/* End PBXNativeTarget section */

/* Begin PBXProject section */
		A1B2C3D40000000B00000001 /* Project object */ = {
			isa = PBXProject;
			attributes = {
				BuildIndependentTargetsInParallel = 1;
				LastSwiftUpdateCheck = 1500;
				LastUpgradeCheck = 1500;
			};
			buildConfigurationList = A1B2C3D40000000C00000001 /* Build configuration list for PBXProject "Vel" */;
			compatibilityVersion = "Xcode 14.0";
			developmentRegion = en;
			hasScannedForEncodings = 0;
			knownRegions = (
				en,
				Base,
			);
			mainGroup = A1B2C3D40000000500000001;
			packageReferences = (
				A1B2C3D40000000D00000001 /* XCLocalSwiftPackageReference "VelAPI" */,
			);
			productRefGroup = A1B2C3D40000000500000003 /* Products */;
			projectDirPath = "";
			projectRoot = "";
			targets = (
				A1B2C3D40000000600000001 /* VeliOS */,
				A1B2C3D40000000600000002 /* VelWatch */,
			);
		};
/* End PBXProject section */

/* Begin PBXResourcesBuildPhase section */
		A1B2C3D40000000900000001 /* Resources */ = {
			isa = PBXResourcesBuildPhase;
			buildActionMask = 2147483647;
			files = (
			);
			runOnlyForDeploymentPostprocessing = 0;
		};
		A1B2C3D40000000900000002 /* Resources */ = {
			isa = PBXResourcesBuildPhase;
			buildActionMask = 2147483647;
			files = (
			);
			runOnlyForDeploymentPostprocessing = 0;
		};
/* End PBXResourcesBuildPhase section */

/* Begin PBXSourcesBuildPhase section */
		A1B2C3D40000000800000001 /* Sources */ = {
			isa = PBXSourcesBuildPhase;
			buildActionMask = 2147483647;
			files = (
				A1B2C3D40000000E00000001 /* VelApp.swift in Sources */,
				A1B2C3D40000000E00000002 /* ContentView.swift in Sources */,
			);
			runOnlyForDeploymentPostprocessing = 0;
		};
		A1B2C3D40000000800000002 /* Sources */ = {
			isa = PBXSourcesBuildPhase;
			buildActionMask = 2147483647;
			files = (
				A1B2C3D40000000E00000003 /* VelWatchApp.swift in Sources */,
				A1B2C3D40000000E00000004 /* ContentView.swift in Sources */,
			);
			runOnlyForDeploymentPostprocessing = 0;
		};
/* End PBXSourcesBuildPhase section */

/* Begin XCBuildConfiguration section */
		A1B2C3D40000000F00000001 /* Debug */ = {
			isa = XCBuildConfiguration;
			buildSettings = {
				ALWAYS_SEARCH_USER_PATHS = NO;
				ASSETCATALOG_COMPILER_GENERATE_SWIFT_ASSET_SYMBOL_EXTENSIONS = YES;
				CLANG_ANALYZER_NONNULL = YES;
				CLANG_ENABLE_MODULES = YES;
				CLANG_ENABLE_OBJC_ARC = YES;
				COPY_PHASE_STRIP = NO;
				DEBUG_INFORMATION_FORMAT = dwarf;
				ENABLE_STRICT_OBJC_MSGSEND = YES;
				ENABLE_TESTABILITY = YES;
				GCC_DYNAMIC_NO_PIC = NO;
				GCC_OPTIMIZATION_LEVEL = 0;
				GCC_PREPROCESSOR_DEFINITIONS = (
					"DEBUG=1",
					"$(inherited)",
				);
				IPHONEOS_DEPLOYMENT_TARGET = 16.0;
				MTL_ENABLE_DEBUG_INFO = INCLUDE_SOURCE;
				MTL_FAST_MATH = YES;
				ONLY_ACTIVE_ARCH = YES;
				SDKROOT = iphoneos;
				SWIFT_ACTIVE_COMPILATION_CONDITIONS = "DEBUG $(inherited)";
				SWIFT_OPTIMIZATION_LEVEL = "-Onone";
			};
			name = Debug;
		};
		A1B2C3D40000000F00000002 /* Release */ = {
			isa = XCBuildConfiguration;
			buildSettings = {
				ALWAYS_SEARCH_USER_PATHS = NO;
				ASSETCATALOG_COMPILER_GENERATE_SWIFT_ASSET_SYMBOL_EXTENSIONS = YES;
				CLANG_ANALYZER_NONNULL = YES;
				CLANG_ENABLE_MODULES = YES;
				CLANG_ENABLE_OBJC_ARC = YES;
				COPY_PHASE_STRIP = NO;
				DEBUG_INFORMATION_FORMAT = "dwarf-with-dsym";
				ENABLE_NS_ASSERTIONS = NO;
				ENABLE_STRICT_OBJC_MSGSEND = YES;
				GCC_OPTIMIZATION_LEVEL = s;
				IPHONEOS_DEPLOYMENT_TARGET = 16.0;
				MTL_ENABLE_DEBUG_INFO = NO;
				MTL_FAST_MATH = YES;
				SDKROOT = iphoneos;
				SWIFT_COMPILATION_MODE = wholemodule;
				VALIDATE_PRODUCT = YES;
			};
			name = Release;
		};
		A1B2C3D40000000F00000003 /* Debug */ = {
			isa = XCBuildConfiguration;
			buildSettings = {
				ASSETCATALOG_COMPILER_APPICON_NAME = AppIcon;
				ASSETCATALOG_COMPILER_GLOBAL_ACCENT_COLOR_NAME = AccentColor;
				CODE_SIGN_STYLE = Automatic;
				CURRENT_PROJECT_VERSION = 1;
				DEVELOPMENT_TEAM = "";
				GENERATE_INFOPLIST_FILE = YES;
				INFOPLIST_KEY_UIApplicationSupportsIndirectInputEvents = YES;
				INFOPLIST_KEY_UIApplicationSceneManifest_Generation = YES;
				INFOPLIST_KEY_NSMicrophoneUsageDescription = "Vel uses microphone input for push-to-talk voice capture.";
				INFOPLIST_KEY_NSSpeechRecognitionUsageDescription = "Vel transcribes short voice captures into local notes or commitments.";
				INFOPLIST_KEY_UISupportedInterfaceOrientations = "UIInterfaceOrientationPortrait UIInterfaceOrientationLandscapeLeft UIInterfaceOrientationLandscapeRight";
				LD_RUNPATH = "$(inherited) @executable_path/Frameworks";
				MARKETING_VERSION = 1.0;
				PRODUCT_BUNDLE_IDENTIFIER = vel.VeliOS;
				PRODUCT_NAME = "$(TARGET_NAME)";
				SWIFT_EMIT_LOC_STRINGS = YES;
				SWIFT_VERSION = 5.0;
				TARGETED_DEVICE_FAMILY = "1,2";
			};
			name = Debug;
		};
		A1B2C3D40000000F00000004 /* Release */ = {
			isa = XCBuildConfiguration;
			buildSettings = {
				ASSETCATALOG_COMPILER_APPICON_NAME = AppIcon;
				ASSETCATALOG_COMPILER_GLOBAL_ACCENT_COLOR_NAME = AccentColor;
				CODE_SIGN_STYLE = Automatic;
				CURRENT_PROJECT_VERSION = 1;
				DEVELOPMENT_TEAM = "";
				GENERATE_INFOPLIST_FILE = YES;
				INFOPLIST_KEY_UIApplicationSupportsIndirectInputEvents = YES;
				INFOPLIST_KEY_UIApplicationSceneManifest_Generation = YES;
				INFOPLIST_KEY_NSMicrophoneUsageDescription = "Vel uses microphone input for push-to-talk voice capture.";
				INFOPLIST_KEY_NSSpeechRecognitionUsageDescription = "Vel transcribes short voice captures into local notes or commitments.";
				INFOPLIST_KEY_UISupportedInterfaceOrientations = "UIInterfaceOrientationPortrait UIInterfaceOrientationLandscapeLeft UIInterfaceOrientationLandscapeRight";
				LD_RUNPATH = "$(inherited) @executable_path/Frameworks";
				MARKETING_VERSION = 1.0;
				PRODUCT_BUNDLE_IDENTIFIER = vel.VeliOS;
				PRODUCT_NAME = "$(TARGET_NAME)";
				SWIFT_EMIT_LOC_STRINGS = YES;
				SWIFT_VERSION = 5.0;
				TARGETED_DEVICE_FAMILY = "1,2";
			};
			name = Release;
		};
		A1B2C3D40000000F00000005 /* Debug */ = {
			isa = XCBuildConfiguration;
			buildSettings = {
				CODE_SIGN_STYLE = Automatic;
				CURRENT_PROJECT_VERSION = 1;
				DEVELOPMENT_TEAM = "";
				GENERATE_INFOPLIST_FILE = YES;
				INFOPLIST_KEY_WKApplication = YES;
				LD_RUNPATH = "$(inherited) @executable_path/Frameworks";
				MARKETING_VERSION = 1.0;
				PRODUCT_BUNDLE_IDENTIFIER = vel.VelWatch;
				PRODUCT_NAME = "$(TARGET_NAME)";
				SDKROOT = watchos;
				SWIFT_EMIT_LOC_STRINGS = YES;
				SWIFT_VERSION = 5.0;
				TARGETED_DEVICE_FAMILY = 4;
				WATCHOS_DEPLOYMENT_TARGET = 9.0;
			};
			name = Debug;
		};
		A1B2C3D40000000F00000006 /* Release */ = {
			isa = XCBuildConfiguration;
			buildSettings = {
				CODE_SIGN_STYLE = Automatic;
				CURRENT_PROJECT_VERSION = 1;
				DEVELOPMENT_TEAM = "";
				GENERATE_INFOPLIST_FILE = YES;
				INFOPLIST_KEY_WKApplication = YES;
				LD_RUNPATH = "$(inherited) @executable_path/Frameworks";
				MARKETING_VERSION = 1.0;
				PRODUCT_BUNDLE_IDENTIFIER = vel.VelWatch;
				PRODUCT_NAME = "$(TARGET_NAME)";
				SDKROOT = watchos;
				SWIFT_EMIT_LOC_STRINGS = YES;
				SWIFT_VERSION = 5.0;
				TARGETED_DEVICE_FAMILY = 4;
				WATCHOS_DEPLOYMENT_TARGET = 9.0;
			};
			name = Release;
		};
/* End XCBuildConfiguration section */

/* Begin XCConfigurationList section */
		A1B2C3D40000000700000001 /* Build configuration list for PBXNativeTarget "VeliOS" */ = {
			isa = XCConfigurationList;
			buildConfigurations = (
				A1B2C3D40000000F00000003 /* Debug */,
				A1B2C3D40000000F00000004 /* Release */,
			);
			defaultConfigurationIsVisible = 0;
			defaultConfigurationName = Release;
		};
		A1B2C3D40000000700000002 /* Build configuration list for PBXNativeTarget "VelWatch" */ = {
			isa = XCConfigurationList;
			buildConfigurations = (
				A1B2C3D40000000F00000005 /* Debug */,
				A1B2C3D40000000F00000006 /* Release */,
			);
			defaultConfigurationIsVisible = 0;
			defaultConfigurationName = Release;
		};
		A1B2C3D40000000C00000001 /* Build configuration list for PBXProject "Vel" */ = {
			isa = XCConfigurationList;
			buildConfigurations = (
				A1B2C3D40000000F00000001 /* Debug */,
				A1B2C3D40000000F00000002 /* Release */,
			);
			defaultConfigurationIsVisible = 0;
			defaultConfigurationName = Release;
		};
/* End XCConfigurationList section */

/* Begin XCLocalSwiftPackageReference section */
		A1B2C3D40000000D00000001 /* XCLocalSwiftPackageReference "VelAPI" */ = {
			isa = XCLocalSwiftPackageReference;
			relativePath = VelAPI;
		};
/* End XCLocalSwiftPackageReference section */

/* Begin XCSwiftPackageProductDependency section */
		A1B2C3D40000000A00000001 /* VelAPI */ = {
			isa = XCSwiftPackageProductDependency;
			package = A1B2C3D40000000D00000001 /* XCLocalSwiftPackageReference "VelAPI" */;
			productName = VelAPI;
		};
		A1B2C3D40000000A00000002 /* VelAPI */ = {
			isa = XCSwiftPackageProductDependency;
			package = A1B2C3D40000000D00000001 /* XCLocalSwiftPackageReference "VelAPI" */;
			productName = VelAPI;
		};
/* End XCSwiftPackageProductDependency section */

/* Begin PBXBuildFile section */
		A1B2C3D40000000400000001 /* VelAPI in Frameworks */ = {
			isa = PBXBuildFile;
			productRef = A1B2C3D40000000A00000001 /* VelAPI */;
		};
		A1B2C3D40000000400000002 /* VelAPI in Frameworks */ = {
			isa = PBXBuildFile;
			productRef = A1B2C3D40000000A00000002 /* VelAPI */;
		};
		A1B2C3D40000000E00000001 /* VelApp.swift in Sources */ = {
			isa = PBXBuildFile;
			fileRef = A1B2C3D40000000200000001 /* VelApp.swift */;
			settings = {ATTRIBUTES = (); };
		};
		A1B2C3D40000000E00000002 /* ContentView.swift in Sources */ = {
			isa = PBXBuildFile;
			fileRef = A1B2C3D40000000200000002 /* ContentView.swift */;
			settings = {ATTRIBUTES = (); };
		};
		A1B2C3D40000000E00000003 /* VelWatchApp.swift in Sources */ = {
			isa = PBXBuildFile;
			fileRef = A1B2C3D40000000200000003 /* VelWatchApp.swift */;
			settings = {ATTRIBUTES = (); };
		};
		A1B2C3D40000000E00000004 /* ContentView.swift in Sources */ = {
			isa = PBXBuildFile;
			fileRef = A1B2C3D40000000200000004 /* ContentView.swift */;
			settings = {ATTRIBUTES = (); };
		};
/* End PBXBuildFile section */
	};
	rootObject = A1B2C3D40000000B00000001 /* Project object */;
}
